// !$*UTF8*$!
{
	archiveVersion = 1;
	classes = {
	};
	objectVersion = 56;
	objects = {

/* Begin PBXBuildFile section */
		C30AE8D02A677B270087028B /* AppDelegate.swift in Sources */ = {isa = PBXBuildFile; fileRef = C30AE8CF2A677B270087028B /* AppDelegate.swift */; };
		C30AE8D22A677B270087028B /* SceneDelegate.swift in Sources */ = {isa = PBXBuildFile; fileRef = C30AE8D12A677B270087028B /* SceneDelegate.swift */; };
		C30AE8D42A677B270087028B /* ViewController.swift in Sources */ = {isa = PBXBuildFile; fileRef = C30AE8D32A677B270087028B /* ViewController.swift */; };
		C30AE8D72A677B270087028B /* Main.storyboard in Resources */ = {isa = PBXBuildFile; fileRef = C30AE8D52A677B270087028B /* Main.storyboard */; };
		C30AE8D92A677B280087028B /* Assets.xcassets in Resources */ = {isa = PBXBuildFile; fileRef = C30AE8D82A677B280087028B /* Assets.xcassets */; };
		C30AE8DC2A677B280087028B /* LaunchScreen.storyboard in Resources */ = {isa = PBXBuildFile; fileRef = C30AE8DA2A677B280087028B /* LaunchScreen.storyboard */; };
		C3310F262A68DE55003D3924 /* Calculator.swift in Sources */ = {isa = PBXBuildFile; fileRef = C3310F252A68DE55003D3924 /* Calculator.swift */; };
		C3310F2A2A68FFA1003D3924 /* AddOperation.swift in Sources */ = {isa = PBXBuildFile; fileRef = C3310F292A68FFA1003D3924 /* AddOperation.swift */; };
		C3310F2D2A68FFB9003D3924 /* SubstractOperation.swift in Sources */ = {isa = PBXBuildFile; fileRef = C3310F2C2A68FFB9003D3924 /* SubstractOperation.swift */; };
		C3310F2F2A68FFC7003D3924 /* MultiplyOperation.swift in Sources */ = {isa = PBXBuildFile; fileRef = C3310F2E2A68FFC7003D3924 /* MultiplyOperation.swift */; };
		C3310F312A68FFD3003D3924 /* DivideOperation.swift in Sources */ = {isa = PBXBuildFile; fileRef = C3310F302A68FFD3003D3924 /* DivideOperation.swift */; };
/* End PBXBuildFile section */

/* Begin PBXFileReference section */
		C30AE8CC2A677B270087028B /* calculator.app */ = {isa = PBXFileReference; explicitFileType = wrapper.application; includeInIndex = 0; path = calculator.app; sourceTree = BUILT_PRODUCTS_DIR; };
		C30AE8CF2A677B270087028B /* AppDelegate.swift */ = {isa = PBXFileReference; lastKnownFileType = sourcecode.swift; path = AppDelegate.swift; sourceTree = "<group>"; };
		C30AE8D12A677B270087028B /* SceneDelegate.swift */ = {isa = PBXFileReference; lastKnownFileType = sourcecode.swift; path = SceneDelegate.swift; sourceTree = "<group>"; };
		C30AE8D32A677B270087028B /* ViewController.swift */ = {isa = PBXFileReference; lastKnownFileType = sourcecode.swift; path = ViewController.swift; sourceTree = "<group>"; };
		C30AE8D62A677B270087028B /* Base */ = {isa = PBXFileReference; lastKnownFileType = file.storyboard; name = Base; path = Base.lproj/Main.storyboard; sourceTree = "<group>"; };
		C30AE8D82A677B280087028B /* Assets.xcassets */ = {isa = PBXFileReference; lastKnownFileType = folder.assetcatalog; path = Assets.xcassets; sourceTree = "<group>"; };
		C30AE8DB2A677B280087028B /* Base */ = {isa = PBXFileReference; lastKnownFileType = file.storyboard; name = Base; path = Base.lproj/LaunchScreen.storyboard; sourceTree = "<group>"; };
		C30AE8DD2A677B280087028B /* Info.plist */ = {isa = PBXFileReference; lastKnownFileType = text.plist.xml; path = Info.plist; sourceTree = "<group>"; };
		C3310F252A68DE55003D3924 /* Calculator.swift */ = {isa = PBXFileReference; lastKnownFileType = sourcecode.swift; path = Calculator.swift; sourceTree = "<group>"; };
		C3310F292A68FFA1003D3924 /* AddOperation.swift */ = {isa = PBXFileReference; lastKnownFileType = sourcecode.swift; path = AddOperation.swift; sourceTree = "<group>"; };
		C3310F2C2A68FFB9003D3924 /* SubstractOperation.swift */ = {isa = PBXFileReference; lastKnownFileType = sourcecode.swift; path = SubstractOperation.swift; sourceTree = "<group>"; };
		C3310F2E2A68FFC7003D3924 /* MultiplyOperation.swift */ = {isa = PBXFileReference; lastKnownFileType = sourcecode.swift; path = MultiplyOperation.swift; sourceTree = "<group>"; };
		C3310F302A68FFD3003D3924 /* DivideOperation.swift */ = {isa = PBXFileReference; lastKnownFileType = sourcecode.swift; path = DivideOperation.swift; sourceTree = "<group>"; };
/* End PBXFileReference section */

/* Begin PBXFrameworksBuildPhase section */
		C30AE8C92A677B270087028B /* Frameworks */ = {
			isa = PBXFrameworksBuildPhase;
			buildActionMask = 2147483647;
			files = (
			);
			runOnlyForDeploymentPostprocessing = 0;
		};
/* End PBXFrameworksBuildPhase section */

/* Begin PBXGroup section */
		C30AE8C32A677B270087028B = {
			isa = PBXGroup;
			children = (
				C30AE8CE2A677B270087028B /* calculator */,
				C30AE8CD2A677B270087028B /* Products */,
			);
			sourceTree = "<group>";
		};
		C30AE8CD2A677B270087028B /* Products */ = {
			isa = PBXGroup;
			children = (
				C30AE8CC2A677B270087028B /* calculator.app */,
			);
			name = Products;
			sourceTree = "<group>";
		};
		C30AE8CE2A677B270087028B /* calculator */ = {
			isa = PBXGroup;
			children = (
				C30AE8CF2A677B270087028B /* AppDelegate.swift */,
				C30AE8D12A677B270087028B /* SceneDelegate.swift */,
				C30AE8D32A677B270087028B /* ViewController.swift */,
				C3310F252A68DE55003D3924 /* Calculator.swift */,
				C3310F292A68FFA1003D3924 /* AddOperation.swift */,
				C3310F2C2A68FFB9003D3924 /* SubstractOperation.swift */,
				C3310F2E2A68FFC7003D3924 /* MultiplyOperation.swift */,
				C3310F302A68FFD3003D3924 /* DivideOperation.swift */,
				C30AE8D52A677B270087028B /* Main.storyboard */,
				C30AE8D82A677B280087028B /* Assets.xcassets */,
				C30AE8DA2A677B280087028B /* LaunchScreen.storyboard */,
				C30AE8DD2A677B280087028B /* Info.plist */,
			);
			path = calculator;
			sourceTree = "<group>";
		};
/* End PBXGroup section */

/* Begin PBXNativeTarget section */
		C30AE8CB2A677B270087028B /* calculator */ = {
			isa = PBXNativeTarget;
			buildConfigurationList = C30AE8E02A677B280087028B /* Build configuration list for PBXNativeTarget "calculator" */;
			buildPhases = (
				C30AE8C82A677B270087028B /* Sources */,
				C30AE8C92A677B270087028B /* Frameworks */,
				C30AE8CA2A677B270087028B /* Resources */,
			);
			buildRules = (
			);
			dependencies = (
			);
			name = calculator;
			productName = calculator;
			productReference = C30AE8CC2A677B270087028B /* calculator.app */;
			productType = "com.apple.product-type.application";
		};
/* End PBXNativeTarget section */

/* Begin PBXProject section */
		C30AE8C42A677B270087028B /* Project object */ = {
			isa = PBXProject;
			attributes = {
				BuildIndependentTargetsInParallel = 1;
				LastSwiftUpdateCheck = 1430;
				LastUpgradeCheck = 1430;
				TargetAttributes = {
					C30AE8CB2A677B270087028B = {
						CreatedOnToolsVersion = 14.3.1;
					};
				};
			};
			buildConfigurationList = C30AE8C72A677B270087028B /* Build configuration list for PBXProject "calculator" */;
			compatibilityVersion = "Xcode 14.0";
			developmentRegion = en;
			hasScannedForEncodings = 0;
			knownRegions = (
				en,
				Base,
			);
			mainGroup = C30AE8C32A677B270087028B;
			productRefGroup = C30AE8CD2A677B270087028B /* Products */;
			projectDirPath = "";
			projectRoot = "";
			targets = (
				C30AE8CB2A677B270087028B /* calculator */,
			);
		};
/* End PBXProject section */

/* Begin PBXResourcesBuildPhase section */
		C30AE8CA2A677B270087028B /* Resources */ = {
			isa = PBXResourcesBuildPhase;
			buildActionMask = 2147483647;
			files = (
				C30AE8DC2A677B280087028B /* LaunchScreen.storyboard in Resources */,
				C30AE8D92A677B280087028B /* Assets.xcassets in Resources */,
				C30AE8D72A677B270087028B /* Main.storyboard in Resources */,
			);
			runOnlyForDeploymentPostprocessing = 0;
		};
/* End PBXResourcesBuildPhase section */

/* Begin PBXSourcesBuildPhase section */
		C30AE8C82A677B270087028B /* Sources */ = {
			isa = PBXSourcesBuildPhase;
			buildActionMask = 2147483647;
			files = (
				C3310F262A68DE55003D3924 /* Calculator.swift in Sources */,
				C30AE8D42A677B270087028B /* ViewController.swift in Sources */,
				C3310F2A2A68FFA1003D3924 /* AddOperation.swift in Sources */,
				C3310F2F2A68FFC7003D3924 /* MultiplyOperation.swift in Sources */,
				C3310F2D2A68FFB9003D3924 /* SubstractOperation.swift in Sources */,
				C30AE8D02A677B270087028B /* AppDelegate.swift in Sources */,
				C3310F312A68FFD3003D3924 /* DivideOperation.swift in Sources */,
				C30AE8D22A677B270087028B /* SceneDelegate.swift in Sources */,
			);
			runOnlyForDeploymentPostprocessing = 0;
		};
/* End PBXSourcesBuildPhase section */

/* Begin PBXVariantGroup section */
		C30AE8D52A677B270087028B /* Main.storyboard */ = {
			isa = PBXVariantGroup;
			children = (
				C30AE8D62A677B270087028B /* Base */,
			);
			name = Main.storyboard;
			sourceTree = "<group>";
		};
		C30AE8DA2A677B280087028B /* LaunchScreen.storyboard */ = {
			isa = PBXVariantGroup;
			children = (
				C30AE8DB2A677B280087028B /* Base */,
			);
			name = LaunchScreen.storyboard;
			sourceTree = "<group>";
		};
/* End PBXVariantGroup section */

/* Begin XCBuildConfiguration section */
		C30AE8DE2A677B280087028B /* Debug */ = {
			isa = XCBuildConfiguration;
			buildSettings = {
				ALWAYS_SEARCH_USER_PATHS = NO;
				CLANG_ANALYZER_NONNULL = YES;
				CLANG_ANALYZER_NUMBER_OBJECT_CONVERSION = YES_AGGRESSIVE;
				CLANG_CXX_LANGUAGE_STANDARD = "gnu++20";
				CLANG_ENABLE_MODULES = YES;
				CLANG_ENABLE_OBJC_ARC = YES;
				CLANG_ENABLE_OBJC_WEAK = YES;
				CLANG_WARN_BLOCK_CAPTURE_AUTORELEASING = YES;
				CLANG_WARN_BOOL_CONVERSION = YES;
				CLANG_WARN_COMMA = YES;
				CLANG_WARN_CONSTANT_CONVERSION = YES;
				CLANG_WARN_DEPRECATED_OBJC_IMPLEMENTATIONS = YES;
				CLANG_WARN_DIRECT_OBJC_ISA_USAGE = YES_ERROR;
				CLANG_WARN_DOCUMENTATION_COMMENTS = YES;
				CLANG_WARN_EMPTY_BODY = YES;
				CLANG_WARN_ENUM_CONVERSION = YES;
				CLANG_WARN_INFINITE_RECURSION = YES;
				CLANG_WARN_INT_CONVERSION = YES;
				CLANG_WARN_NON_LITERAL_NULL_CONVERSION = YES;
				CLANG_WARN_OBJC_IMPLICIT_RETAIN_SELF = YES;
				CLANG_WARN_OBJC_LITERAL_CONVERSION = YES;
				CLANG_WARN_OBJC_ROOT_CLASS = YES_ERROR;
				CLANG_WARN_QUOTED_INCLUDE_IN_FRAMEWORK_HEADER = YES;
				CLANG_WARN_RANGE_LOOP_ANALYSIS = YES;
				CLANG_WARN_STRICT_PROTOTYPES = YES;
				CLANG_WARN_SUSPICIOUS_MOVE = YES;
				CLANG_WARN_UNGUARDED_AVAILABILITY = YES_AGGRESSIVE;
				CLANG_WARN_UNREACHABLE_CODE = YES;
				CLANG_WARN__DUPLICATE_METHOD_MATCH = YES;
				COPY_PHASE_STRIP = NO;
				DEBUG_INFORMATION_FORMAT = dwarf;
				ENABLE_STRICT_OBJC_MSGSEND = YES;
				ENABLE_TESTABILITY = YES;
				GCC_C_LANGUAGE_STANDARD = gnu11;
				GCC_DYNAMIC_NO_PIC = NO;
				GCC_NO_COMMON_BLOCKS = YES;
				GCC_OPTIMIZATION_LEVEL = 0;
				GCC_PREPROCESSOR_DEFINITIONS = (
					"DEBUG=1",
					"$(inherited)",
				);
				GCC_WARN_64_TO_32_BIT_CONVERSION = YES;
				GCC_WARN_ABOUT_RETURN_TYPE = YES_ERROR;
				GCC_WARN_UNDECLARED_SELECTOR = YES;
				GCC_WARN_UNINITIALIZED_AUTOS = YES_AGGRESSIVE;
				GCC_WARN_UNUSED_FUNCTION = YES;
				GCC_WARN_UNUSED_VARIABLE = YES;
				IPHONEOS_DEPLOYMENT_TARGET = 16.4;
				MTL_ENABLE_DEBUG_INFO = INCLUDE_SOURCE;
				MTL_FAST_MATH = YES;
				ONLY_ACTIVE_ARCH = YES;
				SDKROOT = iphoneos;
				SWIFT_ACTIVE_COMPILATION_CONDITIONS = DEBUG;
				SWIFT_OPTIMIZATION_LEVEL = "-Onone";
			};
			name = Debug;
		};
		C30AE8DF2A677B280087028B /* Release */ = {
			isa = XCBuildConfiguration;
			buildSettings = {
				ALWAYS_SEARCH_USER_PATHS = NO;
				CLANG_ANALYZER_NONNULL = YES;
				CLANG_ANALYZER_NUMBER_OBJECT_CONVERSION = YES_AGGRESSIVE;
				CLANG_CXX_LANGUAGE_STANDARD = "gnu++20";
				CLANG_ENABLE_MODULES = YES;
				CLANG_ENABLE_OBJC_ARC = YES;
				CLANG_ENABLE_OBJC_WEAK = YES;
				CLANG_WARN_BLOCK_CAPTURE_AUTORELEASING = YES;
				CLANG_WARN_BOOL_CONVERSION = YES;
				CLANG_WARN_COMMA = YES;
				CLANG_WARN_CONSTANT_CONVERSION = YES;
				CLANG_WARN_DEPRECATED_OBJC_IMPLEMENTATIONS = YES;
				CLANG_WARN_DIRECT_OBJC_ISA_USAGE = YES_ERROR;
				CLANG_WARN_DOCUMENTATION_COMMENTS = YES;
				CLANG_WARN_EMPTY_BODY = YES;
				CLANG_WARN_ENUM_CONVERSION = YES;
				CLANG_WARN_INFINITE_RECURSION = YES;
				CLANG_WARN_INT_CONVERSION = YES;
				CLANG_WARN_NON_LITERAL_NULL_CONVERSION = YES;
				CLANG_WARN_OBJC_IMPLICIT_RETAIN_SELF = YES;
				CLANG_WARN_OBJC_LITERAL_CONVERSION = YES;
				CLANG_WARN_OBJC_ROOT_CLASS = YES_ERROR;
				CLANG_WARN_QUOTED_INCLUDE_IN_FRAMEWORK_HEADER = YES;
				CLANG_WARN_RANGE_LOOP_ANALYSIS = YES;
				CLANG_WARN_STRICT_PROTOTYPES = YES;
				CLANG_WARN_SUSPICIOUS_MOVE = YES;
				CLANG_WARN_UNGUARDED_AVAILABILITY = YES_AGGRESSIVE;
				CLANG_WARN_UNREACHABLE_CODE = YES;
				CLANG_WARN__DUPLICATE_METHOD_MATCH = YES;
				COPY_PHASE_STRIP = NO;
				DEBUG_INFORMATION_FORMAT = "dwarf-with-dsym";
				ENABLE_NS_ASSERTIONS = NO;
				ENABLE_STRICT_OBJC_MSGSEND = YES;
				GCC_C_LANGUAGE_STANDARD = gnu11;
				GCC_NO_COMMON_BLOCKS = YES;
				GCC_WARN_64_TO_32_BIT_CONVERSION = YES;
				GCC_WARN_ABOUT_RETURN_TYPE = YES_ERROR;
				GCC_WARN_UNDECLARED_SELECTOR = YES;
				GCC_WARN_UNINITIALIZED_AUTOS = YES_AGGRESSIVE;
				GCC_WARN_UNUSED_FUNCTION = YES;
				GCC_WARN_UNUSED_VARIABLE = YES;
				IPHONEOS_DEPLOYMENT_TARGET = 16.4;
				MTL_ENABLE_DEBUG_INFO = NO;
				MTL_FAST_MATH = YES;
				SDKROOT = iphoneos;
				SWIFT_COMPILATION_MODE = wholemodule;
				SWIFT_OPTIMIZATION_LEVEL = "-O";
				VALIDATE_PRODUCT = YES;
			};
			name = Release;
		};
		C30AE8E12A677B280087028B /* Debug */ = {
			isa = XCBuildConfiguration;
			buildSettings = {
				ASSETCATALOG_COMPILER_APPICON_NAME = AppIcon;
				ASSETCATALOG_COMPILER_GLOBAL_ACCENT_COLOR_NAME = AccentColor;
				CODE_SIGN_STYLE = Automatic;
				CURRENT_PROJECT_VERSION = 1;
				DEVELOPMENT_TEAM = 6YQ5832X73;
				GENERATE_INFOPLIST_FILE = YES;
				INFOPLIST_FILE = calculator/Info.plist;
				INFOPLIST_KEY_UIApplicationSupportsIndirectInputEvents = YES;
				INFOPLIST_KEY_UILaunchStoryboardName = LaunchScreen;
				INFOPLIST_KEY_UIMainStoryboardFile = Main;
				INFOPLIST_KEY_UISupportedInterfaceOrientations_iPad = "UIInterfaceOrientationPortrait UIInterfaceOrientationPortraitUpsideDown UIInterfaceOrientationLandscapeLeft UIInterfaceOrientationLandscapeRight";
				INFOPLIST_KEY_UISupportedInterfaceOrientations_iPhone = "UIInterfaceOrientationPortrait UIInterfaceOrientationLandscapeLeft UIInterfaceOrientationLandscapeRight";
				LD_RUNPATH_SEARCH_PATHS = (
					"$(inherited)",
					"@executable_path/Frameworks",
				);
				MARKETING_VERSION = 1.0;
				PRODUCT_BUNDLE_IDENTIFIER = seryeong.calculator;
				PRODUCT_NAME = "$(TARGET_NAME)";
				SWIFT_EMIT_LOC_STRINGS = YES;
				SWIFT_VERSION = 5.0;
				TARGETED_DEVICE_FAMILY = "1,2";
			};
			name = Debug;
		};
		C30AE8E22A677B280087028B /* Release */ = {
			isa = XCBuildConfiguration;
			buildSettings = {
				ASSETCATALOG_COMPILER_APPICON_NAME = AppIcon;
				ASSETCATALOG_COMPILER_GLOBAL_ACCENT_COLOR_NAME = AccentColor;
				CODE_SIGN_STYLE = Automatic;
				CURRENT_PROJECT_VERSION = 1;
				DEVELOPMENT_TEAM = 6YQ5832X73;
				GENERATE_INFOPLIST_FILE = YES;
				INFOPLIST_FILE = calculator/Info.plist;
				INFOPLIST_KEY_UIApplicationSupportsIndirectInputEvents = YES;
				INFOPLIST_KEY_UILaunchStoryboardName = LaunchScreen;
				INFOPLIST_KEY_UIMainStoryboardFile = Main;
				INFOPLIST_KEY_UISupportedInterfaceOrientations_iPad = "UIInterfaceOrientationPortrait UIInterfaceOrientationPortraitUpsideDown UIInterfaceOrientationLandscapeLeft UIInterfaceOrientationLandscapeRight";
				INFOPLIST_KEY_UISupportedInterfaceOrientations_iPhone = "UIInterfaceOrientationPortrait UIInterfaceOrientationLandscapeLeft UIInterfaceOrientationLandscapeRight";
				LD_RUNPATH_SEARCH_PATHS = (
					"$(inherited)",
					"@executable_path/Frameworks",
				);
				MARKETING_VERSION = 1.0;
				PRODUCT_BUNDLE_IDENTIFIER = seryeong.calculator;
				PRODUCT_NAME = "$(TARGET_NAME)";
				SWIFT_EMIT_LOC_STRINGS = YES;
				SWIFT_VERSION = 5.0;
				TARGETED_DEVICE_FAMILY = "1,2";
			};
			name = Release;
		};
/* End XCBuildConfiguration section */

/* Begin XCConfigurationList section */
		C30AE8C72A677B270087028B /* Build configuration list for PBXProject "calculator" */ = {
			isa = XCConfigurationList;
			buildConfigurations = (
				C30AE8DE2A677B280087028B /* Debug */,
				C30AE8DF2A677B280087028B /* Release */,
			);
			defaultConfigurationIsVisible = 0;
			defaultConfigurationName = Release;
		};
		C30AE8E02A677B280087028B /* Build configuration list for PBXNativeTarget "calculator" */ = {
			isa = XCConfigurationList;
			buildConfigurations = (
				C30AE8E12A677B280087028B /* Debug */,
				C30AE8E22A677B280087028B /* Release */,
			);
			defaultConfigurationIsVisible = 0;
			defaultConfigurationName = Release;
		};
/* End XCConfigurationList section */
	};
	rootObject = C30AE8C42A677B270087028B /* Project object */;
}
